PODS:
  - Flutter (1.0.0)
  - health (12.2.1):
    - Flutter

DEPENDENCIES:
  - Flutter (from `Flutter`)
  - health (from `.symlinks/plugins/health/ios`)

EXTERNAL SOURCES:
  Flutter:
    :path: Flutter
  health:
    :path: ".symlinks/plugins/health/ios"

SPEC CHECKSUMS:
  Flutter: cabc95a1d2626b1b06e7179b784ebcf0c0cde467
  health: ae107e914c574e062930841e575b1908fa7e07c4

PODFILE CHECKSUM: a52914b681d1f3ce26f6f51b29461889085173e9

COCOAPODS: 1.11.3
